
Microsoft Visual Studio Solution File, Format Version 12.00
# Visual Studio Version 17
VisualStudioVersion = 17.14.36414.22 d17.14
MinimumVisualStudioVersion = 10.0.40219.1
Project("{FAE04EC0-301F-11D3-BF4B-00C04F79EFBC}") = "StudentDB", "StudentDB.csproj", "{F20B00AF-9347-4BE6-BBD6-9D69BBE77D26}"
EndProject
Global
	GlobalSection(SolutionConfigurationPlatforms) = preSolution
		Debug|Any CPU = Debug|Any CPU
		Release|Any CPU = Release|Any CPU
	EndGlobalSection
	GlobalSection(ProjectConfigurationPlatforms) = postSolution
		{F20B00AF-9347-4BE6-BBD6-9D69BBE77D26}.Debug|Any CPU.ActiveCfg = Debug|Any CPU
		{F20B00AF-9347-4BE6-BBD6-9D69BBE77D26}.Debug|Any CPU.Build.0 = Debug|Any CPU
		{F20B00AF-9347-4BE6-BBD6-9D69BBE77D26}.Release|Any CPU.ActiveCfg = Release|Any CPU
		{F20B00AF-9347-4BE6-BBD6-9D69BBE77D26}.Release|Any CPU.Build.0 = Release|Any CPU
	EndGlobalSection
	GlobalSection(SolutionProperties) = preSolution
		HideSolutionNode = FALSE
	EndGlobalSection
	GlobalSection(ExtensibilityGlobals) = postSolution
		SolutionGuid = {94274B63-6482-4733-9843-3B172564D536}
	EndGlobalSection
EndGlobal
